
Microsoft Visual Studio Solution File, Format Version 12.00
# Visual Studio 2013
VisualStudioVersion = 12.0.40629.0
MinimumVisualStudioVersion = 10.0.40219.1
Project("{FAE04EC0-301F-11D3-BF4B-00C04F79EFBC}") = "SelfishNetv3", "SelfishNetV3\SelfishNetv3.csproj", "{299D869A-3E55-459A-BEF9-20188B8419E3}"
EndProject
Project("{54435603-DBB4-11D2-8724-00A0C9A8B90C}") = "SelfishNetV3Setup", "SelfishNetV3Setup\SelfishNetV3Setup.vdproj", "{509305B4-93E6-483D-AF4B-E39D9F27D4FF}"
EndProject
Global
	GlobalSection(SolutionConfigurationPlatforms) = preSolution
		Debug|Any CPU = Debug|Any CPU
		Debug|x64 = Debug|x64
		Debug|x86 = Debug|x86
		Release|Any CPU = Release|Any CPU
		Release|x64 = Release|x64
		Release|x86 = Release|x86
	EndGlobalSection
	GlobalSection(ProjectConfigurationPlatforms) = postSolution
		{299D869A-3E55-459A-BEF9-20188B8419E3}.Debug|Any CPU.ActiveCfg = Debug|Any CPU
		{299D869A-3E55-459A-BEF9-20188B8419E3}.Debug|Any CPU.Build.0 = Debug|Any CPU
		{299D869A-3E55-459A-BEF9-20188B8419E3}.Debug|x64.ActiveCfg = Debug|x64
		{299D869A-3E55-459A-BEF9-20188B8419E3}.Debug|x64.Build.0 = Debug|x64
		{299D869A-3E55-459A-BEF9-20188B8419E3}.Debug|x86.ActiveCfg = Debug|x86
		{299D869A-3E55-459A-BEF9-20188B8419E3}.Debug|x86.Build.0 = Debug|x86
		{299D869A-3E55-459A-BEF9-20188B8419E3}.Release|Any CPU.ActiveCfg = Release|x86
		{299D869A-3E55-459A-BEF9-20188B8419E3}.Release|Any CPU.Build.0 = Release|x86
		{299D869A-3E55-459A-BEF9-20188B8419E3}.Release|x64.ActiveCfg = Release|x64
		{299D869A-3E55-459A-BEF9-20188B8419E3}.Release|x64.Build.0 = Release|x64
		{299D869A-3E55-459A-BEF9-20188B8419E3}.Release|x86.ActiveCfg = Release|x86
		{299D869A-3E55-459A-BEF9-20188B8419E3}.Release|x86.Build.0 = Release|x86
		{509305B4-93E6-483D-AF4B-E39D9F27D4FF}.Debug|Any CPU.ActiveCfg = Debug
		{509305B4-93E6-483D-AF4B-E39D9F27D4FF}.Debug|x64.ActiveCfg = Debug
		{509305B4-93E6-483D-AF4B-E39D9F27D4FF}.Debug|x86.ActiveCfg = Debug
		{509305B4-93E6-483D-AF4B-E39D9F27D4FF}.Release|Any CPU.ActiveCfg = Release
		{509305B4-93E6-483D-AF4B-E39D9F27D4FF}.Release|x64.ActiveCfg = Release
		{509305B4-93E6-483D-AF4B-E39D9F27D4FF}.Release|x86.ActiveCfg = Release
	EndGlobalSection
	GlobalSection(SolutionProperties) = preSolution
		HideSolutionNode = FALSE
	EndGlobalSection
	GlobalSection(ExtensibilityGlobals) = postSolution
		SolutionGuid = {3A100C38-FE15-47A7-854B-08AED3C4B363}
	EndGlobalSection
EndGlobal
